
Microsoft Visual Studio Solution File, Format Version 12.00
# Visual Studio Version 17
VisualStudioVersion = 17.1.31911.260
MinimumVisualStudioVersion = 10.0.40219.1
Project("{9A19103F-16F7-4668-BE54-9A1E7A4F7556}") = "LOVA.API", "LOVA.API\LOVA.API.csproj", "{BDCD278B-B593-4DAB-8A71-7EC891F6BABB}"
EndProject
Project("{9A19103F-16F7-4668-BE54-9A1E7A4F7556}") = "LOVA.API.Test", "LOVA.API.Test\LOVA.API.Test.csproj", "{D2F4D114-2F10-43B5-A48B-7B6CD6B07E08}"
EndProject
Project("{9A19103F-16F7-4668-BE54-9A1E7A4F7556}") = "LOVA.APITests", "LOVA.APITests\LOVA.APITests.csproj", "{5FF8193D-6EC1-4C5A-8D48-5FBE485FE34B}"
EndProject
Global
	GlobalSection(SolutionConfigurationPlatforms) = preSolution
		Debug|Any CPU = Debug|Any CPU
		Release|Any CPU = Release|Any CPU
	EndGlobalSection
	GlobalSection(ProjectConfigurationPlatforms) = postSolution
		{BDCD278B-B593-4DAB-8A71-7EC891F6BABB}.Debug|Any CPU.ActiveCfg = Debug|Any CPU
		{BDCD278B-B593-4DAB-8A71-7EC891F6BABB}.Debug|Any CPU.Build.0 = Debug|Any CPU
		{BDCD278B-B593-4DAB-8A71-7EC891F6BABB}.Release|Any CPU.ActiveCfg = Release|Any CPU
		{BDCD278B-B593-4DAB-8A71-7EC891F6BABB}.Release|Any CPU.Build.0 = Release|Any CPU
		{D2F4D114-2F10-43B5-A48B-7B6CD6B07E08}.Debug|Any CPU.ActiveCfg = Debug|Any CPU
		{D2F4D114-2F10-43B5-A48B-7B6CD6B07E08}.Debug|Any CPU.Build.0 = Debug|Any CPU
		{D2F4D114-2F10-43B5-A48B-7B6CD6B07E08}.Release|Any CPU.ActiveCfg = Release|Any CPU
		{D2F4D114-2F10-43B5-A48B-7B6CD6B07E08}.Release|Any CPU.Build.0 = Release|Any CPU
		{5FF8193D-6EC1-4C5A-8D48-5FBE485FE34B}.Debug|Any CPU.ActiveCfg = Debug|Any CPU
		{5FF8193D-6EC1-4C5A-8D48-5FBE485FE34B}.Debug|Any CPU.Build.0 = Debug|Any CPU
		{5FF8193D-6EC1-4C5A-8D48-5FBE485FE34B}.Release|Any CPU.ActiveCfg = Release|Any CPU
		{5FF8193D-6EC1-4C5A-8D48-5FBE485FE34B}.Release|Any CPU.Build.0 = Release|Any CPU
	EndGlobalSection
	GlobalSection(SolutionProperties) = preSolution
		HideSolutionNode = FALSE
	EndGlobalSection
	GlobalSection(ExtensibilityGlobals) = postSolution
		SolutionGuid = {FCF11C4D-78B0-4323-BF3C-CFD139C7AA48}
	EndGlobalSection
EndGlobal
